{
  "name": "legal-docs",
  "version": "1.0.0",
  "lockfileVersion": 3,
  "requires": true,
  "packages": {
    "": {
      "name": "legal-docs",
      "version": "1.0.0",
      "license": "MIT",
      "bin": {
        "legal-docs": "bin/install.js"
      },
      "engines": {
        "node": ">=14"
      }
    }
  }
}
